
Microsoft Visual Studio Solution File, Format Version 12.00
# Visual Studio Version 17
VisualStudioVersion = 17.12.35707.178
MinimumVisualStudioVersion = 10.0.40219.1
Project("{2150E333-8FDC-42A3-9474-1A3956D46DE8}") = "TestTools", "TestTools", "{02EA681E-C7D8-13C7-8484-4AC65E1B71E8}"
EndProject
Project("{FAE04EC0-301F-11D3-BF4B-00C04F79EFBC}") = "AlgoritmTests", "AlgoritmTests\AlgoritmTests.csproj", "{AF7DB25A-85C7-434F-B01C-8FE7F3DB4A6D}"
EndProject
Project("{FAE04EC0-301F-11D3-BF4B-00C04F79EFBC}") = "VHS.Client", "VHS.Client\VHS.Client.csproj", "{72BB53DF-1AE7-41A0-A570-3AF580725047}"
EndProject
Project("{FAE04EC0-301F-11D3-BF4B-00C04F79EFBC}") = "VHS.Data.Core", "VHS.Data\VHS.Data.Core.csproj", "{FBD139BE-2592-4E29-9826-035034CD1BEE}"
EndProject
Project("{FAE04EC0-301F-11D3-BF4B-00C04F79EFBC}") = "VHS.Services", "VHS.Services\VHS.Services.csproj", "{8A79A5C0-EEF9-4C1E-99D0-C8B341E3003E}"
EndProject
Project("{FAE04EC0-301F-11D3-BF4B-00C04F79EFBC}") = "VHS.WebAPI", "VHS.WebAPI\VHS.WebAPI.csproj", "{68A28BA1-D51B-4C1F-B999-485DAE8A24D9}"
EndProject
Project("{2150E333-8FDC-42A3-9474-1A3956D46DE8}") = "BackEnd", "BackEnd", "{B152D889-F502-4F94-A80E-24480F052A88}"
EndProject
Project("{2150E333-8FDC-42A3-9474-1A3956D46DE8}") = "FrontEnd", "FrontEnd", "{CE2C0289-0816-456A-B7A1-71F98E7C7D70}"
EndProject
Project("{FAE04EC0-301F-11D3-BF4B-00C04F79EFBC}") = "VHS.UnitTests", "VHS.UnitTests\VHS.UnitTests.csproj", "{729B7D7C-7CC7-44F5-A442-7C061BEA33F5}"
EndProject
Project("{FAE04EC0-301F-11D3-BF4B-00C04F79EFBC}") = "RabbitMQTestSend", "RabbitMQTest1\RabbitMQTestSend.csproj", "{FF3C02F1-D185-4F35-9148-34AF553E1366}"
EndProject
Project("{FAE04EC0-301F-11D3-BF4B-00C04F79EFBC}") = "RabbitMQTestReceive", "RabbitMQTestReceive\RabbitMQTestReceive.csproj", "{FD2BA5B3-BC90-4C71-966C-CA93AEC1AB52}"
EndProject
Project("{2150E333-8FDC-42A3-9474-1A3956D46DE8}") = "Integrations", "Integrations", "{ED784876-DD9E-47AB-9485-935A1AD6E845}"
EndProject
Project("{FAE04EC0-301F-11D3-BF4B-00C04F79EFBC}") = "VHS.OPCUA", "VHS.OPCUA\VHS.OPCUA.csproj", "{62F13310-7E93-43CD-947D-DC39BB4691EB}"
EndProject
Project("{FAE04EC0-301F-11D3-BF4B-00C04F79EFBC}") = "VHS.OPCUA.Worker", "VHS.OPCUA.Worker\VHS.OPCUA.Worker.csproj", "{B1A61A8D-871F-4DB7-BEC3-EB5758CBF8FD}"
EndProject
Project("{FAE04EC0-301F-11D3-BF4B-00C04F79EFBC}") = "VHS.OPC.Models", "VHS.OPC.Models\VHS.OPC.Models.csproj", "{1E553C14-5284-4D07-AE8A-5DBCD7CB5DAF}"
EndProject
Project("{FAE04EC0-301F-11D3-BF4B-00C04F79EFBC}") = "VHS.Common", "VHS.Common\VHS.Common.csproj", "{FD2E972B-7B0B-44F2-8FD7-5C8514CE7DF3}"
EndProject
Project("{FAE04EC0-301F-11D3-BF4B-00C04F79EFBC}") = "VHS.OPC.ServerSimulator", "VHS.OPC.ServerSimulator\VHS.OPC.ServerSimulator.csproj", "{52D3ABF2-C017-4032-9E37-548E37A0351F}"
	ProjectSection(ProjectDependencies) = postProject
		{FD2E972B-7B0B-44F2-8FD7-5C8514CE7DF3} = {FD2E972B-7B0B-44F2-8FD7-5C8514CE7DF3}
	EndProjectSection
EndProject
Project("{2150E333-8FDC-42A3-9474-1A3956D46DE8}") = "Data", "Data", "{84C5EB1D-3A14-4448-A723-B2DCE3C61ADB}"
EndProject
Project("{FAE04EC0-301F-11D3-BF4B-00C04F79EFBC}") = "VHS.Data.Audit", "VHS.Data.Audit\VHS.Data.Audit.csproj", "{D48DE0DF-467A-587F-C3E5-493C5F09C394}"
EndProject
Project("{FAE04EC0-301F-11D3-BF4B-00C04F79EFBC}") = "VHS.Data.Common", "VHS.Data.Common\VHS.Data.Common.csproj", "{AD66B9B3-7545-4191-BCC9-A7E4E85C6F11}"
EndProject
Project("{FAE04EC0-301F-11D3-BF4B-00C04F79EFBC}") = "VHS.Data.Auth", "VHS.Data.Auth\VHS.Data.Auth.csproj", "{3D9A1FE8-A971-DE63-B37C-E0E9A3F4DE5C}"
EndProject
Global
	GlobalSection(SolutionConfigurationPlatforms) = preSolution
		Debug|Any CPU = Debug|Any CPU
		Release|Any CPU = Release|Any CPU
	EndGlobalSection
	GlobalSection(ProjectConfigurationPlatforms) = postSolution
		{AF7DB25A-85C7-434F-B01C-8FE7F3DB4A6D}.Debug|Any CPU.ActiveCfg = Debug|Any CPU
		{AF7DB25A-85C7-434F-B01C-8FE7F3DB4A6D}.Debug|Any CPU.Build.0 = Debug|Any CPU
		{AF7DB25A-85C7-434F-B01C-8FE7F3DB4A6D}.Release|Any CPU.ActiveCfg = Release|Any CPU
		{AF7DB25A-85C7-434F-B01C-8FE7F3DB4A6D}.Release|Any CPU.Build.0 = Release|Any CPU
		{72BB53DF-1AE7-41A0-A570-3AF580725047}.Debug|Any CPU.ActiveCfg = Debug|Any CPU
		{72BB53DF-1AE7-41A0-A570-3AF580725047}.Debug|Any CPU.Build.0 = Debug|Any CPU
		{72BB53DF-1AE7-41A0-A570-3AF580725047}.Release|Any CPU.ActiveCfg = Release|Any CPU
		{72BB53DF-1AE7-41A0-A570-3AF580725047}.Release|Any CPU.Build.0 = Release|Any CPU
		{FBD139BE-2592-4E29-9826-035034CD1BEE}.Debug|Any CPU.ActiveCfg = Debug|Any CPU
		{FBD139BE-2592-4E29-9826-035034CD1BEE}.Debug|Any CPU.Build.0 = Debug|Any CPU
		{FBD139BE-2592-4E29-9826-035034CD1BEE}.Release|Any CPU.ActiveCfg = Release|Any CPU
		{FBD139BE-2592-4E29-9826-035034CD1BEE}.Release|Any CPU.Build.0 = Release|Any CPU
		{8A79A5C0-EEF9-4C1E-99D0-C8B341E3003E}.Debug|Any CPU.ActiveCfg = Debug|Any CPU
		{8A79A5C0-EEF9-4C1E-99D0-C8B341E3003E}.Debug|Any CPU.Build.0 = Debug|Any CPU
		{8A79A5C0-EEF9-4C1E-99D0-C8B341E3003E}.Release|Any CPU.ActiveCfg = Release|Any CPU
		{8A79A5C0-EEF9-4C1E-99D0-C8B341E3003E}.Release|Any CPU.Build.0 = Release|Any CPU
		{68A28BA1-D51B-4C1F-B999-485DAE8A24D9}.Debug|Any CPU.ActiveCfg = Debug|Any CPU
		{68A28BA1-D51B-4C1F-B999-485DAE8A24D9}.Debug|Any CPU.Build.0 = Debug|Any CPU
		{68A28BA1-D51B-4C1F-B999-485DAE8A24D9}.Release|Any CPU.ActiveCfg = Release|Any CPU
		{68A28BA1-D51B-4C1F-B999-485DAE8A24D9}.Release|Any CPU.Build.0 = Release|Any CPU
		{729B7D7C-7CC7-44F5-A442-7C061BEA33F5}.Debug|Any CPU.ActiveCfg = Debug|Any CPU
		{729B7D7C-7CC7-44F5-A442-7C061BEA33F5}.Debug|Any CPU.Build.0 = Debug|Any CPU
		{729B7D7C-7CC7-44F5-A442-7C061BEA33F5}.Release|Any CPU.ActiveCfg = Release|Any CPU
		{729B7D7C-7CC7-44F5-A442-7C061BEA33F5}.Release|Any CPU.Build.0 = Release|Any CPU
		{FF3C02F1-D185-4F35-9148-34AF553E1366}.Debug|Any CPU.ActiveCfg = Debug|Any CPU
		{FF3C02F1-D185-4F35-9148-34AF553E1366}.Debug|Any CPU.Build.0 = Debug|Any CPU
		{FF3C02F1-D185-4F35-9148-34AF553E1366}.Release|Any CPU.ActiveCfg = Release|Any CPU
		{FF3C02F1-D185-4F35-9148-34AF553E1366}.Release|Any CPU.Build.0 = Release|Any CPU
		{FD2BA5B3-BC90-4C71-966C-CA93AEC1AB52}.Debug|Any CPU.ActiveCfg = Debug|Any CPU
		{FD2BA5B3-BC90-4C71-966C-CA93AEC1AB52}.Debug|Any CPU.Build.0 = Debug|Any CPU
		{FD2BA5B3-BC90-4C71-966C-CA93AEC1AB52}.Release|Any CPU.ActiveCfg = Release|Any CPU
		{FD2BA5B3-BC90-4C71-966C-CA93AEC1AB52}.Release|Any CPU.Build.0 = Release|Any CPU
		{62F13310-7E93-43CD-947D-DC39BB4691EB}.Debug|Any CPU.ActiveCfg = Debug|Any CPU
		{62F13310-7E93-43CD-947D-DC39BB4691EB}.Debug|Any CPU.Build.0 = Debug|Any CPU
		{62F13310-7E93-43CD-947D-DC39BB4691EB}.Release|Any CPU.ActiveCfg = Release|Any CPU
		{62F13310-7E93-43CD-947D-DC39BB4691EB}.Release|Any CPU.Build.0 = Release|Any CPU
		{B1A61A8D-871F-4DB7-BEC3-EB5758CBF8FD}.Debug|Any CPU.ActiveCfg = Debug|Any CPU
		{B1A61A8D-871F-4DB7-BEC3-EB5758CBF8FD}.Debug|Any CPU.Build.0 = Debug|Any CPU
		{B1A61A8D-871F-4DB7-BEC3-EB5758CBF8FD}.Release|Any CPU.ActiveCfg = Release|Any CPU
		{B1A61A8D-871F-4DB7-BEC3-EB5758CBF8FD}.Release|Any CPU.Build.0 = Release|Any CPU
		{1E553C14-5284-4D07-AE8A-5DBCD7CB5DAF}.Debug|Any CPU.ActiveCfg = Debug|Any CPU
		{1E553C14-5284-4D07-AE8A-5DBCD7CB5DAF}.Debug|Any CPU.Build.0 = Debug|Any CPU
		{1E553C14-5284-4D07-AE8A-5DBCD7CB5DAF}.Release|Any CPU.ActiveCfg = Release|Any CPU
		{1E553C14-5284-4D07-AE8A-5DBCD7CB5DAF}.Release|Any CPU.Build.0 = Release|Any CPU
		{FD2E972B-7B0B-44F2-8FD7-5C8514CE7DF3}.Debug|Any CPU.ActiveCfg = Debug|Any CPU
		{FD2E972B-7B0B-44F2-8FD7-5C8514CE7DF3}.Debug|Any CPU.Build.0 = Debug|Any CPU
		{FD2E972B-7B0B-44F2-8FD7-5C8514CE7DF3}.Release|Any CPU.ActiveCfg = Release|Any CPU
		{FD2E972B-7B0B-44F2-8FD7-5C8514CE7DF3}.Release|Any CPU.Build.0 = Release|Any CPU
		{52D3ABF2-C017-4032-9E37-548E37A0351F}.Debug|Any CPU.ActiveCfg = Debug|Any CPU
		{52D3ABF2-C017-4032-9E37-548E37A0351F}.Debug|Any CPU.Build.0 = Debug|Any CPU
		{52D3ABF2-C017-4032-9E37-548E37A0351F}.Release|Any CPU.ActiveCfg = Release|Any CPU
		{52D3ABF2-C017-4032-9E37-548E37A0351F}.Release|Any CPU.Build.0 = Release|Any CPU
		{D48DE0DF-467A-587F-C3E5-493C5F09C394}.Debug|Any CPU.ActiveCfg = Debug|Any CPU
		{D48DE0DF-467A-587F-C3E5-493C5F09C394}.Debug|Any CPU.Build.0 = Debug|Any CPU
		{D48DE0DF-467A-587F-C3E5-493C5F09C394}.Release|Any CPU.ActiveCfg = Release|Any CPU
		{D48DE0DF-467A-587F-C3E5-493C5F09C394}.Release|Any CPU.Build.0 = Release|Any CPU
		{AD66B9B3-7545-4191-BCC9-A7E4E85C6F11}.Debug|Any CPU.ActiveCfg = Debug|Any CPU
		{AD66B9B3-7545-4191-BCC9-A7E4E85C6F11}.Debug|Any CPU.Build.0 = Debug|Any CPU
		{AD66B9B3-7545-4191-BCC9-A7E4E85C6F11}.Release|Any CPU.ActiveCfg = Release|Any CPU
		{AD66B9B3-7545-4191-BCC9-A7E4E85C6F11}.Release|Any CPU.Build.0 = Release|Any CPU
		{3D9A1FE8-A971-DE63-B37C-E0E9A3F4DE5C}.Debug|Any CPU.ActiveCfg = Debug|Any CPU
		{3D9A1FE8-A971-DE63-B37C-E0E9A3F4DE5C}.Debug|Any CPU.Build.0 = Debug|Any CPU
		{3D9A1FE8-A971-DE63-B37C-E0E9A3F4DE5C}.Release|Any CPU.ActiveCfg = Release|Any CPU
		{3D9A1FE8-A971-DE63-B37C-E0E9A3F4DE5C}.Release|Any CPU.Build.0 = Release|Any CPU
	EndGlobalSection
	GlobalSection(SolutionProperties) = preSolution
		HideSolutionNode = FALSE
	EndGlobalSection
	GlobalSection(NestedProjects) = preSolution
		{AF7DB25A-85C7-434F-B01C-8FE7F3DB4A6D} = {02EA681E-C7D8-13C7-8484-4AC65E1B71E8}
		{72BB53DF-1AE7-41A0-A570-3AF580725047} = {CE2C0289-0816-456A-B7A1-71F98E7C7D70}
		{FBD139BE-2592-4E29-9826-035034CD1BEE} = {84C5EB1D-3A14-4448-A723-B2DCE3C61ADB}
		{8A79A5C0-EEF9-4C1E-99D0-C8B341E3003E} = {B152D889-F502-4F94-A80E-24480F052A88}
		{68A28BA1-D51B-4C1F-B999-485DAE8A24D9} = {B152D889-F502-4F94-A80E-24480F052A88}
		{729B7D7C-7CC7-44F5-A442-7C061BEA33F5} = {02EA681E-C7D8-13C7-8484-4AC65E1B71E8}
		{FF3C02F1-D185-4F35-9148-34AF553E1366} = {02EA681E-C7D8-13C7-8484-4AC65E1B71E8}
		{FD2BA5B3-BC90-4C71-966C-CA93AEC1AB52} = {02EA681E-C7D8-13C7-8484-4AC65E1B71E8}
		{62F13310-7E93-43CD-947D-DC39BB4691EB} = {ED784876-DD9E-47AB-9485-935A1AD6E845}
		{B1A61A8D-871F-4DB7-BEC3-EB5758CBF8FD} = {ED784876-DD9E-47AB-9485-935A1AD6E845}
		{1E553C14-5284-4D07-AE8A-5DBCD7CB5DAF} = {ED784876-DD9E-47AB-9485-935A1AD6E845}
		{FD2E972B-7B0B-44F2-8FD7-5C8514CE7DF3} = {B152D889-F502-4F94-A80E-24480F052A88}
		{52D3ABF2-C017-4032-9E37-548E37A0351F} = {02EA681E-C7D8-13C7-8484-4AC65E1B71E8}
		{84C5EB1D-3A14-4448-A723-B2DCE3C61ADB} = {B152D889-F502-4F94-A80E-24480F052A88}
		{D48DE0DF-467A-587F-C3E5-493C5F09C394} = {84C5EB1D-3A14-4448-A723-B2DCE3C61ADB}
		{AD66B9B3-7545-4191-BCC9-A7E4E85C6F11} = {84C5EB1D-3A14-4448-A723-B2DCE3C61ADB}
		{3D9A1FE8-A971-DE63-B37C-E0E9A3F4DE5C} = {84C5EB1D-3A14-4448-A723-B2DCE3C61ADB}
	EndGlobalSection
	GlobalSection(ExtensibilityGlobals) = postSolution
		SolutionGuid = {13D8DE42-0B01-421A-9E2C-D117B83EAE30}
	EndGlobalSection
EndGlobal
